// !$*UTF8*$!
{
	archiveVersion = 1;
	classes = {
	};
	objectVersion = 46;
	objects = {

/* Begin PBXBuildFile section */
		FC583D5318D16762005F50E6 /* TCTalkCell.m in Sources */ = {isa = PBXBuildFile; fileRef = FC583D5218D16762005F50E6 /* TCTalkCell.m */; };
		FC583D5618D16770005F50E6 /* TCActivityCell.m in Sources */ = {isa = PBXBuildFile; fileRef = FC583D5518D16770005F50E6 /* TCActivityCell.m */; };
		FCE5501918D1621D0093388D /* Foundation.framework in Frameworks */ = {isa = PBXBuildFile; fileRef = FCE5501818D1621D0093388D /* Foundation.framework */; };
		FCE5501B18D1621D0093388D /* CoreGraphics.framework in Frameworks */ = {isa = PBXBuildFile; fileRef = FCE5501A18D1621D0093388D /* CoreGraphics.framework */; };
		FCE5501D18D1621D0093388D /* UIKit.framework in Frameworks */ = {isa = PBXBuildFile; fileRef = FCE5501C18D1621D0093388D /* UIKit.framework */; };
		FCE5502318D1621D0093388D /* InfoPlist.strings in Resources */ = {isa = PBXBuildFile; fileRef = FCE5502118D1621D0093388D /* InfoPlist.strings */; };
		FCE5502518D1621D0093388D /* main.m in Sources */ = {isa = PBXBuildFile; fileRef = FCE5502418D1621D0093388D /* main.m */; };
		FCE5502918D1621D0093388D /* TCAppDelegate.m in Sources */ = {isa = PBXBuildFile; fileRef = FCE5502818D1621D0093388D /* TCAppDelegate.m */; };
		FCE5502C18D1621D0093388D /* Main.storyboard in Resources */ = {isa = PBXBuildFile; fileRef = FCE5502A18D1621D0093388D /* Main.storyboard */; };
		FCE5502F18D1621D0093388D /* TCFirstViewController.m in Sources */ = {isa = PBXBuildFile; fileRef = FCE5502E18D1621D0093388D /* TCFirstViewController.m */; };
		FCE5503218D1621D0093388D /* TCSecondViewController.m in Sources */ = {isa = PBXBuildFile; fileRef = FCE5503118D1621D0093388D /* TCSecondViewController.m */; };
		FCE5503418D1621D0093388D /* Images.xcassets in Resources */ = {isa = PBXBuildFile; fileRef = FCE5503318D1621D0093388D /* Images.xcassets */; };
		FCE5503B18D1621D0093388D /* XCTest.framework in Frameworks */ = {isa = PBXBuildFile; fileRef = FCE5503A18D1621D0093388D /* XCTest.framework */; };
		FCE5503C18D1621D0093388D /* Foundation.framework in Frameworks */ = {isa = PBXBuildFile; fileRef = FCE5501818D1621D0093388D /* Foundation.framework */; };
		FCE5503D18D1621D0093388D /* UIKit.framework in Frameworks */ = {isa = PBXBuildFile; fileRef = FCE5501C18D1621D0093388D /* UIKit.framework */; };
		FCE5504518D1621D0093388D /* InfoPlist.strings in Resources */ = {isa = PBXBuildFile; fileRef = FCE5504318D1621D0093388D /* InfoPlist.strings */; };
		FCE5504718D1621D0093388D /* TechCampTests.m in Sources */ = {isa = PBXBuildFile; fileRef = FCE5504618D1621D0093388D /* TechCampTests.m */; };
		FCE5505218D165050093388D /* TCTalksViewController.m in Sources */ = {isa = PBXBuildFile; fileRef = FCE5505118D165050093388D /* TCTalksViewController.m */; };
		FCE5505518D1651D0093388D /* TCActivitiesViewController.m in Sources */ = {isa = PBXBuildFile; fileRef = FCE5505418D1651D0093388D /* TCActivitiesViewController.m */; };
		FCE5505818D165420093388D /* TCSettingsViewController.m in Sources */ = {isa = PBXBuildFile; fileRef = FCE5505718D165420093388D /* TCSettingsViewController.m */; };
/* End PBXBuildFile section */

/* Begin PBXContainerItemProxy section */
		FCE5503E18D1621D0093388D /* PBXContainerItemProxy */ = {
			isa = PBXContainerItemProxy;
			containerPortal = FCE5500D18D1621D0093388D /* Project object */;
			proxyType = 1;
			remoteGlobalIDString = FCE5501418D1621D0093388D;
			remoteInfo = TechCamp;
		};
/* End PBXContainerItemProxy section */

/* Begin PBXFileReference section */
		FC583D5118D16762005F50E6 /* TCTalkCell.h */ = {isa = PBXFileReference; fileEncoding = 4; lastKnownFileType = sourcecode.c.h; path = TCTalkCell.h; sourceTree = "<group>"; };
		FC583D5218D16762005F50E6 /* TCTalkCell.m */ = {isa = PBXFileReference; fileEncoding = 4; lastKnownFileType = sourcecode.c.objc; path = TCTalkCell.m; sourceTree = "<group>"; };
		FC583D5418D16770005F50E6 /* TCActivityCell.h */ = {isa = PBXFileReference; fileEncoding = 4; lastKnownFileType = sourcecode.c.h; path = TCActivityCell.h; sourceTree = "<group>"; };
		FC583D5518D16770005F50E6 /* TCActivityCell.m */ = {isa = PBXFileReference; fileEncoding = 4; lastKnownFileType = sourcecode.c.objc; path = TCActivityCell.m; sourceTree = "<group>"; };
		FCE5501518D1621D0093388D /* TechCamp.app */ = {isa = PBXFileReference; explicitFileType = wrapper.application; includeInIndex = 0; path = TechCamp.app; sourceTree = BUILT_PRODUCTS_DIR; };
		FCE5501818D1621D0093388D /* Foundation.framework */ = {isa = PBXFileReference; lastKnownFileType = wrapper.framework; name = Foundation.framework; path = System/Library/Frameworks/Foundation.framework; sourceTree = SDKROOT; };
		FCE5501A18D1621D0093388D /* CoreGraphics.framework */ = {isa = PBXFileReference; lastKnownFileType = wrapper.framework; name = CoreGraphics.framework; path = System/Library/Frameworks/CoreGraphics.framework; sourceTree = SDKROOT; };
		FCE5501C18D1621D0093388D /* UIKit.framework */ = {isa = PBXFileReference; lastKnownFileType = wrapper.framework; name = UIKit.framework; path = System/Library/Frameworks/UIKit.framework; sourceTree = SDKROOT; };
		FCE5502018D1621D0093388D /* TechCamp-Info.plist */ = {isa = PBXFileReference; lastKnownFileType = text.plist.xml; path = "TechCamp-Info.plist"; sourceTree = "<group>"; };
		FCE5502218D1621D0093388D /* en */ = {isa = PBXFileReference; lastKnownFileType = text.plist.strings; name = en; path = en.lproj/InfoPlist.strings; sourceTree = "<group>"; };
		FCE5502418D1621D0093388D /* main.m */ = {isa = PBXFileReference; lastKnownFileType = sourcecode.c.objc; path = main.m; sourceTree = "<group>"; };
		FCE5502618D1621D0093388D /* TechCamp-Prefix.pch */ = {isa = PBXFileReference; lastKnownFileType = sourcecode.c.h; path = "TechCamp-Prefix.pch"; sourceTree = "<group>"; };
		FCE5502718D1621D0093388D /* TCAppDelegate.h */ = {isa = PBXFileReference; lastKnownFileType = sourcecode.c.h; path = TCAppDelegate.h; sourceTree = "<group>"; };
		FCE5502818D1621D0093388D /* TCAppDelegate.m */ = {isa = PBXFileReference; lastKnownFileType = sourcecode.c.objc; path = TCAppDelegate.m; sourceTree = "<group>"; };
		FCE5502B18D1621D0093388D /* Base */ = {isa = PBXFileReference; lastKnownFileType = file.storyboard; name = Base; path = Base.lproj/Main.storyboard; sourceTree = "<group>"; };
		FCE5502D18D1621D0093388D /* TCFirstViewController.h */ = {isa = PBXFileReference; lastKnownFileType = sourcecode.c.h; path = TCFirstViewController.h; sourceTree = "<group>"; };
		FCE5502E18D1621D0093388D /* TCFirstViewController.m */ = {isa = PBXFileReference; lastKnownFileType = sourcecode.c.objc; path = TCFirstViewController.m; sourceTree = "<group>"; };
		FCE5503018D1621D0093388D /* TCSecondViewController.h */ = {isa = PBXFileReference; lastKnownFileType = sourcecode.c.h; path = TCSecondViewController.h; sourceTree = "<group>"; };
		FCE5503118D1621D0093388D /* TCSecondViewController.m */ = {isa = PBXFileReference; lastKnownFileType = sourcecode.c.objc; path = TCSecondViewController.m; sourceTree = "<group>"; };
		FCE5503318D1621D0093388D /* Images.xcassets */ = {isa = PBXFileReference; lastKnownFileType = folder.assetcatalog; path = Images.xcassets; sourceTree = "<group>"; };
		FCE5503918D1621D0093388D /* TechCampTests.xctest */ = {isa = PBXFileReference; explicitFileType = wrapper.cfbundle; includeInIndex = 0; path = TechCampTests.xctest; sourceTree = BUILT_PRODUCTS_DIR; };
		FCE5503A18D1621D0093388D /* XCTest.framework */ = {isa = PBXFileReference; lastKnownFileType = wrapper.framework; name = XCTest.framework; path = Library/Frameworks/XCTest.framework; sourceTree = DEVELOPER_DIR; };
		FCE5504218D1621D0093388D /* TechCampTests-Info.plist */ = {isa = PBXFileReference; lastKnownFileType = text.plist.xml; path = "TechCampTests-Info.plist"; sourceTree = "<group>"; };
		FCE5504418D1621D0093388D /* en */ = {isa = PBXFileReference; lastKnownFileType = text.plist.strings; name = en; path = en.lproj/InfoPlist.strings; sourceTree = "<group>"; };
		FCE5504618D1621D0093388D /* TechCampTests.m */ = {isa = PBXFileReference; lastKnownFileType = sourcecode.c.objc; path = TechCampTests.m; sourceTree = "<group>"; };
		FCE5505018D165050093388D /* TCTalksViewController.h */ = {isa = PBXFileReference; fileEncoding = 4; lastKnownFileType = sourcecode.c.h; path = TCTalksViewController.h; sourceTree = "<group>"; };
		FCE5505118D165050093388D /* TCTalksViewController.m */ = {isa = PBXFileReference; fileEncoding = 4; lastKnownFileType = sourcecode.c.objc; path = TCTalksViewController.m; sourceTree = "<group>"; };
		FCE5505318D1651D0093388D /* TCActivitiesViewController.h */ = {isa = PBXFileReference; fileEncoding = 4; lastKnownFileType = sourcecode.c.h; path = TCActivitiesViewController.h; sourceTree = "<group>"; };
		FCE5505418D1651D0093388D /* TCActivitiesViewController.m */ = {isa = PBXFileReference; fileEncoding = 4; lastKnownFileType = sourcecode.c.objc; path = TCActivitiesViewController.m; sourceTree = "<group>"; };
		FCE5505618D165420093388D /* TCSettingsViewController.h */ = {isa = PBXFileReference; fileEncoding = 4; lastKnownFileType = sourcecode.c.h; path = TCSettingsViewController.h; sourceTree = "<group>"; };
		FCE5505718D165420093388D /* TCSettingsViewController.m */ = {isa = PBXFileReference; fileEncoding = 4; lastKnownFileType = sourcecode.c.objc; path = TCSettingsViewController.m; sourceTree = "<group>"; };
/* End PBXFileReference section */

/* Begin PBXFrameworksBuildPhase section */
		FCE5501218D1621D0093388D /* Frameworks */ = {
			isa = PBXFrameworksBuildPhase;
			buildActionMask = 2147483647;
			files = (
				FCE5501B18D1621D0093388D /* CoreGraphics.framework in Frameworks */,
				FCE5501D18D1621D0093388D /* UIKit.framework in Frameworks */,
				FCE5501918D1621D0093388D /* Foundation.framework in Frameworks */,
			);
			runOnlyForDeploymentPostprocessing = 0;
		};
		FCE5503618D1621D0093388D /* Frameworks */ = {
			isa = PBXFrameworksBuildPhase;
			buildActionMask = 2147483647;
			files = (
				FCE5503B18D1621D0093388D /* XCTest.framework in Frameworks */,
				FCE5503D18D1621D0093388D /* UIKit.framework in Frameworks */,
				FCE5503C18D1621D0093388D /* Foundation.framework in Frameworks */,
			);
			runOnlyForDeploymentPostprocessing = 0;
		};
/* End PBXFrameworksBuildPhase section */

/* Begin PBXGroup section */
		FCE5500C18D1621D0093388D = {
			isa = PBXGroup;
			children = (
				FCE5501E18D1621D0093388D /* TechCamp */,
				FCE5504018D1621D0093388D /* TechCampTests */,
				FCE5501718D1621D0093388D /* Frameworks */,
				FCE5501618D1621D0093388D /* Products */,
			);
			sourceTree = "<group>";
		};
		FCE5501618D1621D0093388D /* Products */ = {
			isa = PBXGroup;
			children = (
				FCE5501518D1621D0093388D /* TechCamp.app */,
				FCE5503918D1621D0093388D /* TechCampTests.xctest */,
			);
			name = Products;
			sourceTree = "<group>";
		};
		FCE5501718D1621D0093388D /* Frameworks */ = {
			isa = PBXGroup;
			children = (
				FCE5501818D1621D0093388D /* Foundation.framework */,
				FCE5501A18D1621D0093388D /* CoreGraphics.framework */,
				FCE5501C18D1621D0093388D /* UIKit.framework */,
				FCE5503A18D1621D0093388D /* XCTest.framework */,
			);
			name = Frameworks;
			sourceTree = "<group>";
		};
		FCE5501E18D1621D0093388D /* TechCamp */ = {
			isa = PBXGroup;
			children = (
				FCE5502718D1621D0093388D /* TCAppDelegate.h */,
				FCE5502818D1621D0093388D /* TCAppDelegate.m */,
				FCE5502A18D1621D0093388D /* Main.storyboard */,
				FCE5502D18D1621D0093388D /* TCFirstViewController.h */,
				FCE5502E18D1621D0093388D /* TCFirstViewController.m */,
				FCE5503018D1621D0093388D /* TCSecondViewController.h */,
				FCE5503118D1621D0093388D /* TCSecondViewController.m */,
				FCE5503318D1621D0093388D /* Images.xcassets */,
				FCE5501F18D1621D0093388D /* Supporting Files */,
				FCE5505018D165050093388D /* TCTalksViewController.h */,
				FCE5505118D165050093388D /* TCTalksViewController.m */,
				FCE5505318D1651D0093388D /* TCActivitiesViewController.h */,
				FCE5505418D1651D0093388D /* TCActivitiesViewController.m */,
				FCE5505618D165420093388D /* TCSettingsViewController.h */,
				FCE5505718D165420093388D /* TCSettingsViewController.m */,
				FC583D5118D16762005F50E6 /* TCTalkCell.h */,
				FC583D5218D16762005F50E6 /* TCTalkCell.m */,
				FC583D5418D16770005F50E6 /* TCActivityCell.h */,
				FC583D5518D16770005F50E6 /* TCActivityCell.m */,
			);
			path = TechCamp;
			sourceTree = "<group>";
		};
		FCE5501F18D1621D0093388D /* Supporting Files */ = {
			isa = PBXGroup;
			children = (
				FCE5502018D1621D0093388D /* TechCamp-Info.plist */,
				FCE5502118D1621D0093388D /* InfoPlist.strings */,
				FCE5502418D1621D0093388D /* main.m */,
				FCE5502618D1621D0093388D /* TechCamp-Prefix.pch */,
			);
			name = "Supporting Files";
			sourceTree = "<group>";
		};
		FCE5504018D1621D0093388D /* TechCampTests */ = {
			isa = PBXGroup;
			children = (
				FCE5504618D1621D0093388D /* TechCampTests.m */,
				FCE5504118D1621D0093388D /* Supporting Files */,
			);
			path = TechCampTests;
			sourceTree = "<group>";
		};
		FCE5504118D1621D0093388D /* Supporting Files */ = {
			isa = PBXGroup;
			children = (
				FCE5504218D1621D0093388D /* TechCampTests-Info.plist */,
				FCE5504318D1621D0093388D /* InfoPlist.strings */,
			);
			name = "Supporting Files";
			sourceTree = "<group>";
		};
/* End PBXGroup section */

/* Begin PBXNativeTarget section */
		FCE5501418D1621D0093388D /* TechCamp */ = {
			isa = PBXNativeTarget;
			buildConfigurationList = FCE5504A18D1621D0093388D /* Build configuration list for PBXNativeTarget "TechCamp" */;
			buildPhases = (
				FCE5501118D1621D0093388D /* Sources */,
				FCE5501218D1621D0093388D /* Frameworks */,
				FCE5501318D1621D0093388D /* Resources */,
			);
			buildRules = (
			);
			dependencies = (
			);
			name = TechCamp;
			productName = TechCamp;
			productReference = FCE5501518D1621D0093388D /* TechCamp.app */;
			productType = "com.apple.product-type.application";
		};
		FCE5503818D1621D0093388D /* TechCampTests */ = {
			isa = PBXNativeTarget;
			buildConfigurationList = FCE5504D18D1621D0093388D /* Build configuration list for PBXNativeTarget "TechCampTests" */;
			buildPhases = (
				FCE5503518D1621D0093388D /* Sources */,
				FCE5503618D1621D0093388D /* Frameworks */,
				FCE5503718D1621D0093388D /* Resources */,
			);
			buildRules = (
			);
			dependencies = (
				FCE5503F18D1621D0093388D /* PBXTargetDependency */,
			);
			name = TechCampTests;
			productName = TechCampTests;
			productReference = FCE5503918D1621D0093388D /* TechCampTests.xctest */;
			productType = "com.apple.product-type.bundle.unit-test";
		};
/* End PBXNativeTarget section */

/* Begin PBXProject section */
		FCE5500D18D1621D0093388D /* Project object */ = {
			isa = PBXProject;
			attributes = {
				CLASSPREFIX = TC;
				LastUpgradeCheck = 0500;
				ORGANIZATIONNAME = TechCamp;
				TargetAttributes = {
					FCE5503818D1621D0093388D = {
						TestTargetID = FCE5501418D1621D0093388D;
					};
				};
			};
			buildConfigurationList = FCE5501018D1621D0093388D /* Build configuration list for PBXProject "TechCamp" */;
			compatibilityVersion = "Xcode 3.2";
			developmentRegion = English;
			hasScannedForEncodings = 0;
			knownRegions = (
				en,
				Base,
			);
			mainGroup = FCE5500C18D1621D0093388D;
			productRefGroup = FCE5501618D1621D0093388D /* Products */;
			projectDirPath = "";
			projectRoot = "";
			targets = (
				FCE5501418D1621D0093388D /* TechCamp */,
				FCE5503818D1621D0093388D /* TechCampTests */,
			);
		};
/* End PBXProject section */

/* Begin PBXResourcesBuildPhase section */
		FCE5501318D1621D0093388D /* Resources */ = {
			isa = PBXResourcesBuildPhase;
			buildActionMask = 2147483647;
			files = (
				FCE5503418D1621D0093388D /* Images.xcassets in Resources */,
				FCE5502318D1621D0093388D /* InfoPlist.strings in Resources */,
				FCE5502C18D1621D0093388D /* Main.storyboard in Resources */,
			);
			runOnlyForDeploymentPostprocessing = 0;
		};
		FCE5503718D1621D0093388D /* Resources */ = {
			isa = PBXResourcesBuildPhase;
			buildActionMask = 2147483647;
			files = (
				FCE5504518D1621D0093388D /* InfoPlist.strings in Resources */,
			);
			runOnlyForDeploymentPostprocessing = 0;
		};
/* End PBXResourcesBuildPhase section */

/* Begin PBXSourcesBuildPhase section */
		FCE5501118D1621D0093388D /* Sources */ = {
			isa = PBXSourcesBuildPhase;
			buildActionMask = 2147483647;
			files = (
				FC583D5618D16770005F50E6 /* TCActivityCell.m in Sources */,
				FCE5505518D1651D0093388D /* TCActivitiesViewController.m in Sources */,
				FCE5505818D165420093388D /* TCSettingsViewController.m in Sources */,
				FC583D5318D16762005F50E6 /* TCTalkCell.m in Sources */,
				FCE5505218D165050093388D /* TCTalksViewController.m in Sources */,
				FCE5502F18D1621D0093388D /* TCFirstViewController.m in Sources */,
				FCE5503218D1621D0093388D /* TCSecondViewController.m in Sources */,
				FCE5502518D1621D0093388D /* main.m in Sources */,
				FCE5502918D1621D0093388D /* TCAppDelegate.m in Sources */,
			);
			runOnlyForDeploymentPostprocessing = 0;
		};
		FCE5503518D1621D0093388D /* Sources */ = {
			isa = PBXSourcesBuildPhase;
			buildActionMask = 2147483647;
			files = (
				FCE5504718D1621D0093388D /* TechCampTests.m in Sources */,
			);
			runOnlyForDeploymentPostprocessing = 0;
		};
/* End PBXSourcesBuildPhase section */

/* Begin PBXTargetDependency section */
		FCE5503F18D1621D0093388D /* PBXTargetDependency */ = {
			isa = PBXTargetDependency;
			target = FCE5501418D1621D0093388D /* TechCamp */;
			targetProxy = FCE5503E18D1621D0093388D /* PBXContainerItemProxy */;
		};
/* End PBXTargetDependency section */

/* Begin PBXVariantGroup section */
		FCE5502118D1621D0093388D /* InfoPlist.strings */ = {
			isa = PBXVariantGroup;
			children = (
				FCE5502218D1621D0093388D /* en */,
			);
			name = InfoPlist.strings;
			sourceTree = "<group>";
		};
		FCE5502A18D1621D0093388D /* Main.storyboard */ = {
			isa = PBXVariantGroup;
			children = (
				FCE5502B18D1621D0093388D /* Base */,
			);
			name = Main.storyboard;
			sourceTree = "<group>";
		};
		FCE5504318D1621D0093388D /* InfoPlist.strings */ = {
			isa = PBXVariantGroup;
			children = (
				FCE5504418D1621D0093388D /* en */,
			);
			name = InfoPlist.strings;
			sourceTree = "<group>";
		};
/* End PBXVariantGroup section */

/* Begin XCBuildConfiguration section */
		FCE5504818D1621D0093388D /* Debug */ = {
			isa = XCBuildConfiguration;
			buildSettings = {
				ALWAYS_SEARCH_USER_PATHS = NO;
				ARCHS = "$(ARCHS_STANDARD_INCLUDING_64_BIT)";
				CLANG_CXX_LANGUAGE_STANDARD = "gnu++0x";
				CLANG_CXX_LIBRARY = "libc++";
				CLANG_ENABLE_MODULES = YES;
				CLANG_ENABLE_OBJC_ARC = YES;
				CLANG_WARN_BOOL_CONVERSION = YES;
				CLANG_WARN_CONSTANT_CONVERSION = YES;
				CLANG_WARN_DIRECT_OBJC_ISA_USAGE = YES_ERROR;
				CLANG_WARN_EMPTY_BODY = YES;
				CLANG_WARN_ENUM_CONVERSION = YES;
				CLANG_WARN_INT_CONVERSION = YES;
				CLANG_WARN_OBJC_ROOT_CLASS = YES_ERROR;
				CLANG_WARN__DUPLICATE_METHOD_MATCH = YES;
				"CODE_SIGN_IDENTITY[sdk=iphoneos*]" = "iPhone Developer";
				COPY_PHASE_STRIP = NO;
				GCC_C_LANGUAGE_STANDARD = gnu99;
				GCC_DYNAMIC_NO_PIC = NO;
				GCC_OPTIMIZATION_LEVEL = 0;
				GCC_PREPROCESSOR_DEFINITIONS = (
					"DEBUG=1",
					"$(inherited)",
				);
				GCC_SYMBOLS_PRIVATE_EXTERN = NO;
				GCC_WARN_64_TO_32_BIT_CONVERSION = YES;
				GCC_WARN_ABOUT_RETURN_TYPE = YES_ERROR;
				GCC_WARN_UNDECLARED_SELECTOR = YES;
				GCC_WARN_UNINITIALIZED_AUTOS = YES;
				GCC_WARN_UNUSED_FUNCTION = YES;
				GCC_WARN_UNUSED_VARIABLE = YES;
				IPHONEOS_DEPLOYMENT_TARGET = 7.0;
				ONLY_ACTIVE_ARCH = YES;
				SDKROOT = iphoneos;
			};
			name = Debug;
		};
		FCE5504918D1621D0093388D /* Release */ = {
			isa = XCBuildConfiguration;
			buildSettings = {
				ALWAYS_SEARCH_USER_PATHS = NO;
				ARCHS = "$(ARCHS_STANDARD_INCLUDING_64_BIT)";
				CLANG_CXX_LANGUAGE_STANDARD = "gnu++0x";
				CLANG_CXX_LIBRARY = "libc++";
				CLANG_ENABLE_MODULES = YES;
				CLANG_ENABLE_OBJC_ARC = YES;
				CLANG_WARN_BOOL_CONVERSION = YES;
				CLANG_WARN_CONSTANT_CONVERSION = YES;
				CLANG_WARN_DIRECT_OBJC_ISA_USAGE = YES_ERROR;
				CLANG_WARN_EMPTY_BODY = YES;
				CLANG_WARN_ENUM_CONVERSION = YES;
				CLANG_WARN_INT_CONVERSION = YES;
				CLANG_WARN_OBJC_ROOT_CLASS = YES_ERROR;
				CLANG_WARN__DUPLICATE_METHOD_MATCH = YES;
				"CODE_SIGN_IDENTITY[sdk=iphoneos*]" = "iPhone Developer";
				COPY_PHASE_STRIP = YES;
				ENABLE_NS_ASSERTIONS = NO;
				GCC_C_LANGUAGE_STANDARD = gnu99;
				GCC_WARN_64_TO_32_BIT_CONVERSION = YES;
				GCC_WARN_ABOUT_RETURN_TYPE = YES_ERROR;
				GCC_WARN_UNDECLARED_SELECTOR = YES;
				GCC_WARN_UNINITIALIZED_AUTOS = YES;
				GCC_WARN_UNUSED_FUNCTION = YES;
				GCC_WARN_UNUSED_VARIABLE = YES;
				IPHONEOS_DEPLOYMENT_TARGET = 7.0;
				SDKROOT = iphoneos;
				VALIDATE_PRODUCT = YES;
			};
			name = Release;
		};
		FCE5504B18D1621D0093388D /* Debug */ = {
			isa = XCBuildConfiguration;
			buildSettings = {
				ASSETCATALOG_COMPILER_APPICON_NAME = AppIcon;
				ASSETCATALOG_COMPILER_LAUNCHIMAGE_NAME = LaunchImage;
				GCC_PRECOMPILE_PREFIX_HEADER = YES;
				GCC_PREFIX_HEADER = "TechCamp/TechCamp-Prefix.pch";
				INFOPLIST_FILE = "TechCamp/TechCamp-Info.plist";
				IPHONEOS_DEPLOYMENT_TARGET = 6.0;
				PRODUCT_NAME = "$(TARGET_NAME)";
				WRAPPER_EXTENSION = app;
			};
			name = Debug;
		};
		FCE5504C18D1621D0093388D /* Release */ = {
			isa = XCBuildConfiguration;
			buildSettings = {
				ASSETCATALOG_COMPILER_APPICON_NAME = AppIcon;
				ASSETCATALOG_COMPILER_LAUNCHIMAGE_NAME = LaunchImage;
				GCC_PRECOMPILE_PREFIX_HEADER = YES;
				GCC_PREFIX_HEADER = "TechCamp/TechCamp-Prefix.pch";
				INFOPLIST_FILE = "TechCamp/TechCamp-Info.plist";
				IPHONEOS_DEPLOYMENT_TARGET = 6.0;
				PRODUCT_NAME = "$(TARGET_NAME)";
				WRAPPER_EXTENSION = app;
			};
			name = Release;
		};
		FCE5504E18D1621D0093388D /* Debug */ = {
			isa = XCBuildConfiguration;
			buildSettings = {
				ARCHS = "$(ARCHS_STANDARD_INCLUDING_64_BIT)";
				BUNDLE_LOADER = "$(BUILT_PRODUCTS_DIR)/TechCamp.app/TechCamp";
				FRAMEWORK_SEARCH_PATHS = (
					"$(SDKROOT)/Developer/Library/Frameworks",
					"$(inherited)",
					"$(DEVELOPER_FRAMEWORKS_DIR)",
				);
				GCC_PRECOMPILE_PREFIX_HEADER = YES;
				GCC_PREFIX_HEADER = "TechCamp/TechCamp-Prefix.pch";
				GCC_PREPROCESSOR_DEFINITIONS = (
					"DEBUG=1",
					"$(inherited)",
				);
				INFOPLIST_FILE = "TechCampTests/TechCampTests-Info.plist";
				PRODUCT_NAME = "$(TARGET_NAME)";
				TEST_HOST = "$(BUNDLE_LOADER)";
				WRAPPER_EXTENSION = xctest;
			};
			name = Debug;
		};
		FCE5504F18D1621D0093388D /* Release */ = {
			isa = XCBuildConfiguration;
			buildSettings = {
				ARCHS = "$(ARCHS_STANDARD_INCLUDING_64_BIT)";
				BUNDLE_LOADER = "$(BUILT_PRODUCTS_DIR)/TechCamp.app/TechCamp";
				FRAMEWORK_SEARCH_PATHS = (
					"$(SDKROOT)/Developer/Library/Frameworks",
					"$(inherited)",
					"$(DEVELOPER_FRAMEWORKS_DIR)",
				);
				GCC_PRECOMPILE_PREFIX_HEADER = YES;
				GCC_PREFIX_HEADER = "TechCamp/TechCamp-Prefix.pch";
				INFOPLIST_FILE = "TechCampTests/TechCampTests-Info.plist";
				PRODUCT_NAME = "$(TARGET_NAME)";
				TEST_HOST = "$(BUNDLE_LOADER)";
				WRAPPER_EXTENSION = xctest;
			};
			name = Release;
		};
/* End XCBuildConfiguration section */

/* Begin XCConfigurationList section */
		FCE5501018D1621D0093388D /* Build configuration list for PBXProject "TechCamp" */ = {
			isa = XCConfigurationList;
			buildConfigurations = (
				FCE5504818D1621D0093388D /* Debug */,
				FCE5504918D1621D0093388D /* Release */,
			);
			defaultConfigurationIsVisible = 0;
			defaultConfigurationName = Release;
		};
		FCE5504A18D1621D0093388D /* Build configuration list for PBXNativeTarget "TechCamp" */ = {
			isa = XCConfigurationList;
			buildConfigurations = (
				FCE5504B18D1621D0093388D /* Debug */,
				FCE5504C18D1621D0093388D /* Release */,
			);
			defaultConfigurationIsVisible = 0;
			defaultConfigurationName = Release;
		};
		FCE5504D18D1621D0093388D /* Build configuration list for PBXNativeTarget "TechCampTests" */ = {
			isa = XCConfigurationList;
			buildConfigurations = (
				FCE5504E18D1621D0093388D /* Debug */,
				FCE5504F18D1621D0093388D /* Release */,
			);
			defaultConfigurationIsVisible = 0;
			defaultConfigurationName = Release;
		};
/* End XCConfigurationList section */
	};
	rootObject = FCE5500D18D1621D0093388D /* Project object */;
}
